
Microsoft Visual Studio Solution File, Format Version 12.00
# Visual Studio Version 17
VisualStudioVersion = 17.0.31903.59
MinimumVisualStudioVersion = 10.0.40219.1
Project("{FAE04EC0-301F-11D3-BF4B-00C04F79EFBC}") = "DraggingService", "Lib\DraggingService.csproj", "{B264C64B-65E7-6CBA-79BA-7C217FD8F027}"
EndProject
Global
	GlobalSection(SolutionConfigurationPlatforms) = preSolution
		Debug|Any CPU = Debug|Any CPU
		Release|Any CPU = Release|Any CPU
	EndGlobalSection
	GlobalSection(ProjectConfigurationPlatforms) = postSolution
		{B264C64B-65E7-6CBA-79BA-7C217FD8F027}.Debug|Any CPU.ActiveCfg = Debug|Any CPU
		{B264C64B-65E7-6CBA-79BA-7C217FD8F027}.Debug|Any CPU.Build.0 = Debug|Any CPU
		{B264C64B-65E7-6CBA-79BA-7C217FD8F027}.Release|Any CPU.ActiveCfg = Release|Any CPU
		{B264C64B-65E7-6CBA-79BA-7C217FD8F027}.Release|Any CPU.Build.0 = Release|Any CPU
	EndGlobalSection
	GlobalSection(SolutionProperties) = preSolution
		HideSolutionNode = FALSE
	EndGlobalSection
	GlobalSection(ExtensibilityGlobals) = postSolution
		SolutionGuid = {E3358E07-60C5-4FF0-A5E0-69561D465984}
	EndGlobalSection
EndGlobal
